github.com/chipzoller/hugo-clarity v0.0.0-20230830081649-d0ec11e00b01 h1:PuU29l2I9Vem6NyHg14+E3YwyJ3/5bFOl7P0jRRbtnw=
github.com/chipzoller/hugo-clarity v0.0.0-20230830081649-d0ec11e00b01/go.mod h1:v1JkaKdcLRibyUCalLP2CNeFo6FGzfd4ipEr4dK0+Zg=
github.com/theNewDynamic/gohugo-theme-ananke v0.0.0-20230919154732-c086834f0ebf h1:BY+sUxbApZGGlUbDKGBUAENu/9FBGdv4SdqrkzSSH2Y=
github.com/theNewDynamic/gohugo-theme-ananke v0.0.0-20230919154732-c086834f0ebf/go.mod h1:yY14BLqqh5G61rO81YcJKMHY1rClY5iIiUK+K2JKSUM=
